// !$*UTF8*$!
{
	archiveVersion = 1;
	classes = {
	};
	objectVersion = 46;
	objects = {

/* Begin PBXBuildFile section */
		8359011E1EC298A2004DE701 /* AppDelegate.swift in Sources */ = {isa = PBXBuildFile; fileRef = 8359011D1EC298A2004DE701 /* AppDelegate.swift */; };
		835901201EC298A2004DE701 /* ViewController.swift in Sources */ = {isa = PBXBuildFile; fileRef = 8359011F1EC298A2004DE701 /* ViewController.swift */; };
		835901231EC298A2004DE701 /* Main.storyboard in Resources */ = {isa = PBXBuildFile; fileRef = 835901211EC298A2004DE701 /* Main.storyboard */; };
		835901251EC298A2004DE701 /* Assets.xcassets in Resources */ = {isa = PBXBuildFile; fileRef = 835901241EC298A2004DE701 /* Assets.xcassets */; };
		835901281EC298A2004DE701 /* LaunchScreen.storyboard in Resources */ = {isa = PBXBuildFile; fileRef = 835901261EC298A2004DE701 /* LaunchScreen.storyboard */; };
		835901331EC298A2004DE701 /* QuizTests.swift in Sources */ = {isa = PBXBuildFile; fileRef = 835901321EC298A2004DE701 /* QuizTests.swift */; };
		8359013E1EC298A2004DE701 /* QuizUITests.swift in Sources */ = {isa = PBXBuildFile; fileRef = 8359013D1EC298A2004DE701 /* QuizUITests.swift */; };
/* End PBXBuildFile section */

/* Begin PBXContainerItemProxy section */
		8359012F1EC298A2004DE701 /* PBXContainerItemProxy */ = {
			isa = PBXContainerItemProxy;
			containerPortal = 835901121EC298A1004DE701 /* Project object */;
			proxyType = 1;
			remoteGlobalIDString = 835901191EC298A1004DE701;
			remoteInfo = Quiz;
		};
		8359013A1EC298A2004DE701 /* PBXContainerItemProxy */ = {
			isa = PBXContainerItemProxy;
			containerPortal = 835901121EC298A1004DE701 /* Project object */;
			proxyType = 1;
			remoteGlobalIDString = 835901191EC298A1004DE701;
			remoteInfo = Quiz;
		};
/* End PBXContainerItemProxy section */

/* Begin PBXFileReference section */
		8359011A1EC298A2004DE701 /* Quiz.app */ = {isa = PBXFileReference; explicitFileType = wrapper.application; includeInIndex = 0; path = Quiz.app; sourceTree = BUILT_PRODUCTS_DIR; };
		8359011D1EC298A2004DE701 /* AppDelegate.swift */ = {isa = PBXFileReference; lastKnownFileType = sourcecode.swift; path = AppDelegate.swift; sourceTree = "<group>"; };
		8359011F1EC298A2004DE701 /* ViewController.swift */ = {isa = PBXFileReference; lastKnownFileType = sourcecode.swift; path = ViewController.swift; sourceTree = "<group>"; };
		835901221EC298A2004DE701 /* Base */ = {isa = PBXFileReference; lastKnownFileType = file.storyboard; name = Base; path = Base.lproj/Main.storyboard; sourceTree = "<group>"; };
		835901241EC298A2004DE701 /* Assets.xcassets */ = {isa = PBXFileReference; lastKnownFileType = folder.assetcatalog; path = Assets.xcassets; sourceTree = "<group>"; };
		835901271EC298A2004DE701 /* Base */ = {isa = PBXFileReference; lastKnownFileType = file.storyboard; name = Base; path = Base.lproj/LaunchScreen.storyboard; sourceTree = "<group>"; };
		835901291EC298A2004DE701 /* Info.plist */ = {isa = PBXFileReference; lastKnownFileType = text.plist.xml; path = Info.plist; sourceTree = "<group>"; };
		8359012E1EC298A2004DE701 /* QuizTests.xctest */ = {isa = PBXFileReference; explicitFileType = wrapper.cfbundle; includeInIndex = 0; path = QuizTests.xctest; sourceTree = BUILT_PRODUCTS_DIR; };
		835901321EC298A2004DE701 /* QuizTests.swift */ = {isa = PBXFileReference; lastKnownFileType = sourcecode.swift; path = QuizTests.swift; sourceTree = "<group>"; };
		835901341EC298A2004DE701 /* Info.plist */ = {isa = PBXFileReference; lastKnownFileType = text.plist.xml; path = Info.plist; sourceTree = "<group>"; };
		835901391EC298A2004DE701 /* QuizUITests.xctest */ = {isa = PBXFileReference; explicitFileType = wrapper.cfbundle; includeInIndex = 0; path = QuizUITests.xctest; sourceTree = BUILT_PRODUCTS_DIR; };
		8359013D1EC298A2004DE701 /* QuizUITests.swift */ = {isa = PBXFileReference; lastKnownFileType = sourcecode.swift; path = QuizUITests.swift; sourceTree = "<group>"; };
		8359013F1EC298A2004DE701 /* Info.plist */ = {isa = PBXFileReference; lastKnownFileType = text.plist.xml; path = Info.plist; sourceTree = "<group>"; };
/* End PBXFileReference section */

/* Begin PBXFrameworksBuildPhase section */
		835901171EC298A1004DE701 /* Frameworks */ = {
			isa = PBXFrameworksBuildPhase;
			buildActionMask = 2147483647;
			files = (
			);
			runOnlyForDeploymentPostprocessing = 0;
		};
		8359012B1EC298A2004DE701 /* Frameworks */ = {
			isa = PBXFrameworksBuildPhase;
			buildActionMask = 2147483647;
			files = (
			);
			runOnlyForDeploymentPostprocessing = 0;
		};
		835901361EC298A2004DE701 /* Frameworks */ = {
			isa = PBXFrameworksBuildPhase;
			buildActionMask = 2147483647;
			files = (
			);
			runOnlyForDeploymentPostprocessing = 0;
		};
/* End PBXFrameworksBuildPhase section */

/* Begin PBXGroup section */
		835901111EC298A1004DE701 = {
			isa = PBXGroup;
			children = (
				8359011C1EC298A2004DE701 /* Quiz */,
				835901311EC298A2004DE701 /* QuizTests */,
				8359013C1EC298A2004DE701 /* QuizUITests */,
				8359011B1EC298A2004DE701 /* Products */,
			);
			sourceTree = "<group>";
		};
		8359011B1EC298A2004DE701 /* Products */ = {
			isa = PBXGroup;
			children = (
				8359011A1EC298A2004DE701 /* Quiz.app */,
				8359012E1EC298A2004DE701 /* QuizTests.xctest */,
				835901391EC298A2004DE701 /* QuizUITests.xctest */,
			);
			name = Products;
			sourceTree = "<group>";
		};
		8359011C1EC298A2004DE701 /* Quiz */ = {
			isa = PBXGroup;
			children = (
				8359011D1EC298A2004DE701 /* AppDelegate.swift */,
				8359011F1EC298A2004DE701 /* ViewController.swift */,
				835901211EC298A2004DE701 /* Main.storyboard */,
				835901241EC298A2004DE701 /* Assets.xcassets */,
				835901261EC298A2004DE701 /* LaunchScreen.storyboard */,
				835901291EC298A2004DE701 /* Info.plist */,
			);
			path = Quiz;
			sourceTree = "<group>";
		};
		835901311EC298A2004DE701 /* QuizTests */ = {
			isa = PBXGroup;
			children = (
				835901321EC298A2004DE701 /* QuizTests.swift */,
				835901341EC298A2004DE701 /* Info.plist */,
			);
			path = QuizTests;
			sourceTree = "<group>";
		};
		8359013C1EC298A2004DE701 /* QuizUITests */ = {
			isa = PBXGroup;
			children = (
				8359013D1EC298A2004DE701 /* QuizUITests.swift */,
				8359013F1EC298A2004DE701 /* Info.plist */,
			);
			path = QuizUITests;
			sourceTree = "<group>";
		};
/* End PBXGroup section */

/* Begin PBXNativeTarget section */
		835901191EC298A1004DE701 /* Quiz */ = {
			isa = PBXNativeTarget;
			buildConfigurationList = 835901421EC298A2004DE701 /* Build configuration list for PBXNativeTarget "Quiz" */;
			buildPhases = (
				835901161EC298A1004DE701 /* Sources */,
				835901171EC298A1004DE701 /* Frameworks */,
				835901181EC298A1004DE701 /* Resources */,
			);
			buildRules = (
			);
			dependencies = (
			);
			name = Quiz;
			productName = Quiz;
			productReference = 8359011A1EC298A2004DE701 /* Quiz.app */;
			productType = "com.apple.product-type.application";
		};
		8359012D1EC298A2004DE701 /* QuizTests */ = {
			isa = PBXNativeTarget;
			buildConfigurationList = 835901451EC298A2004DE701 /* Build configuration list for PBXNativeTarget "QuizTests" */;
			buildPhases = (
				8359012A1EC298A2004DE701 /* Sources */,
				8359012B1EC298A2004DE701 /* Frameworks */,
				8359012C1EC298A2004DE701 /* Resources */,
			);
			buildRules = (
			);
			dependencies = (
				835901301EC298A2004DE701 /* PBXTargetDependency */,
			);
			name = QuizTests;
			productName = QuizTests;
			productReference = 8359012E1EC298A2004DE701 /* QuizTests.xctest */;
			productType = "com.apple.product-type.bundle.unit-test";
		};
		835901381EC298A2004DE701 /* QuizUITests */ = {
			isa = PBXNativeTarget;
			buildConfigurationList = 835901481EC298A2004DE701 /* Build configuration list for PBXNativeTarget "QuizUITests" */;
			buildPhases = (
				835901351EC298A2004DE701 /* Sources */,
				835901361EC298A2004DE701 /* Frameworks */,
				835901371EC298A2004DE701 /* Resources */,
			);
			buildRules = (
			);
			dependencies = (
				8359013B1EC298A2004DE701 /* PBXTargetDependency */,
			);
			name = QuizUITests;
			productName = QuizUITests;
			productReference = 835901391EC298A2004DE701 /* QuizUITests.xctest */;
			productType = "com.apple.product-type.bundle.ui-testing";
		};
/* End PBXNativeTarget section */

/* Begin PBXProject section */
		835901121EC298A1004DE701 /* Project object */ = {
			isa = PBXProject;
			attributes = {
				LastSwiftUpdateCheck = 0820;
				LastUpgradeCheck = 0820;
				ORGANIZATIONNAME = "Spencer Goff";
				TargetAttributes = {
					835901191EC298A1004DE701 = {
						CreatedOnToolsVersion = 8.2.1;
						ProvisioningStyle = Automatic;
					};
					8359012D1EC298A2004DE701 = {
						CreatedOnToolsVersion = 8.2.1;
						ProvisioningStyle = Automatic;
						TestTargetID = 835901191EC298A1004DE701;
					};
					835901381EC298A2004DE701 = {
						CreatedOnToolsVersion = 8.2.1;
						ProvisioningStyle = Automatic;
						TestTargetID = 835901191EC298A1004DE701;
					};
				};
			};
			buildConfigurationList = 835901151EC298A1004DE701 /* Build configuration list for PBXProject "Quiz" */;
			compatibilityVersion = "Xcode 3.2";
			developmentRegion = English;
			hasScannedForEncodings = 0;
			knownRegions = (
				en,
				Base,
			);
			mainGroup = 835901111EC298A1004DE701;
			productRefGroup = 8359011B1EC298A2004DE701 /* Products */;
			projectDirPath = "";
			projectRoot = "";
			targets = (
				835901191EC298A1004DE701 /* Quiz */,
				8359012D1EC298A2004DE701 /* QuizTests */,
				835901381EC298A2004DE701 /* QuizUITests */,
			);
		};
/* End PBXProject section */

/* Begin PBXResourcesBuildPhase section */
		835901181EC298A1004DE701 /* Resources */ = {
			isa = PBXResourcesBuildPhase;
			buildActionMask = 2147483647;
			files = (
				835901281EC298A2004DE701 /* LaunchScreen.storyboard in Resources */,
				835901251EC298A2004DE701 /* Assets.xcassets in Resources */,
				835901231EC298A2004DE701 /* Main.storyboard in Resources */,
			);
			runOnlyForDeploymentPostprocessing = 0;
		};
		8359012C1EC298A2004DE701 /* Resources */ = {
			isa = PBXResourcesBuildPhase;
			buildActionMask = 2147483647;
			files = (
			);
			runOnlyForDeploymentPostprocessing = 0;
		};
		835901371EC298A2004DE701 /* Resources */ = {
			isa = PBXResourcesBuildPhase;
			buildActionMask = 2147483647;
			files = (
			);
			runOnlyForDeploymentPostprocessing = 0;
		};
/* End PBXResourcesBuildPhase section */

/* Begin PBXSourcesBuildPhase section */
		835901161EC298A1004DE701 /* Sources */ = {
			isa = PBXSourcesBuildPhase;
			buildActionMask = 2147483647;
			files = (
				835901201EC298A2004DE701 /* ViewController.swift in Sources */,
				8359011E1EC298A2004DE701 /* AppDelegate.swift in Sources */,
			);
			runOnlyForDeploymentPostprocessing = 0;
		};
		8359012A1EC298A2004DE701 /* Sources */ = {
			isa = PBXSourcesBuildPhase;
			buildActionMask = 2147483647;
			files = (
				835901331EC298A2004DE701 /* QuizTests.swift in Sources */,
			);
			runOnlyForDeploymentPostprocessing = 0;
		};
		835901351EC298A2004DE701 /* Sources */ = {
			isa = PBXSourcesBuildPhase;
			buildActionMask = 2147483647;
			files = (
				8359013E1EC298A2004DE701 /* QuizUITests.swift in Sources */,
			);
			runOnlyForDeploymentPostprocessing = 0;
		};
/* End PBXSourcesBuildPhase section */

/* Begin PBXTargetDependency section */
		835901301EC298A2004DE701 /* PBXTargetDependency */ = {
			isa = PBXTargetDependency;
			target = 835901191EC298A1004DE701 /* Quiz */;
			targetProxy = 8359012F1EC298A2004DE701 /* PBXContainerItemProxy */;
		};
		8359013B1EC298A2004DE701 /* PBXTargetDependency */ = {
			isa = PBXTargetDependency;
			target = 835901191EC298A1004DE701 /* Quiz */;
			targetProxy = 8359013A1EC298A2004DE701 /* PBXContainerItemProxy */;
		};
/* End PBXTargetDependency section */

/* Begin PBXVariantGroup section */
		835901211EC298A2004DE701 /* Main.storyboard */ = {
			isa = PBXVariantGroup;
			children = (
				835901221EC298A2004DE701 /* Base */,
			);
			name = Main.storyboard;
			sourceTree = "<group>";
		};
		835901261EC298A2004DE701 /* LaunchScreen.storyboard */ = {
			isa = PBXVariantGroup;
			children = (
				835901271EC298A2004DE701 /* Base */,
			);
			name = LaunchScreen.storyboard;
			sourceTree = "<group>";
		};
/* End PBXVariantGroup section */

/* Begin XCBuildConfiguration section */
		835901401EC298A2004DE701 /* Debug */ = {
			isa = XCBuildConfiguration;
			buildSettings = {
				ALWAYS_SEARCH_USER_PATHS = NO;
				CLANG_ANALYZER_NONNULL = YES;
				CLANG_CXX_LANGUAGE_STANDARD = "gnu++0x";
				CLANG_CXX_LIBRARY = "libc++";
				CLANG_ENABLE_MODULES = YES;
				CLANG_ENABLE_OBJC_ARC = YES;
				CLANG_WARN_BOOL_CONVERSION = YES;
				CLANG_WARN_CONSTANT_CONVERSION = YES;
				CLANG_WARN_DIRECT_OBJC_ISA_USAGE = YES_ERROR;
				CLANG_WARN_DOCUMENTATION_COMMENTS = YES;
				CLANG_WARN_EMPTY_BODY = YES;
				CLANG_WARN_ENUM_CONVERSION = YES;
				CLANG_WARN_INFINITE_RECURSION = YES;
				CLANG_WARN_INT_CONVERSION = YES;
				CLANG_WARN_OBJC_ROOT_CLASS = YES_ERROR;
				CLANG_WARN_SUSPICIOUS_MOVE = YES;
				CLANG_WARN_UNREACHABLE_CODE = YES;
				CLANG_WARN__DUPLICATE_METHOD_MATCH = YES;
				"CODE_SIGN_IDENTITY[sdk=iphoneos*]" = "iPhone Developer";
				COPY_PHASE_STRIP = NO;
				DEBUG_INFORMATION_FORMAT = dwarf;
				ENABLE_STRICT_OBJC_MSGSEND = YES;
				ENABLE_TESTABILITY = YES;
				GCC_C_LANGUAGE_STANDARD = gnu99;
				GCC_DYNAMIC_NO_PIC = NO;
				GCC_NO_COMMON_BLOCKS = YES;
				GCC_OPTIMIZATION_LEVEL = 0;
				GCC_PREPROCESSOR_DEFINITIONS = (
					"DEBUG=1",
					"$(inherited)",
				);
				GCC_WARN_64_TO_32_BIT_CONVERSION = YES;
				GCC_WARN_ABOUT_RETURN_TYPE = YES_ERROR;
				GCC_WARN_UNDECLARED_SELECTOR = YES;
				GCC_WARN_UNINITIALIZED_AUTOS = YES_AGGRESSIVE;
				GCC_WARN_UNUSED_FUNCTION = YES;
				GCC_WARN_UNUSED_VARIABLE = YES;
				IPHONEOS_DEPLOYMENT_TARGET = 10.2;
				MTL_ENABLE_DEBUG_INFO = YES;
				ONLY_ACTIVE_ARCH = YES;
				SDKROOT = iphoneos;
				SWIFT_ACTIVE_COMPILATION_CONDITIONS = DEBUG;
				SWIFT_OPTIMIZATION_LEVEL = "-Onone";
			};
			name = Debug;
		};
		835901411EC298A2004DE701 /* Release */ = {
			isa = XCBuildConfiguration;
			buildSettings = {
				ALWAYS_SEARCH_USER_PATHS = NO;
				CLANG_ANALYZER_NONNULL = YES;
				CLANG_CXX_LANGUAGE_STANDARD = "gnu++0x";
				CLANG_CXX_LIBRARY = "libc++";
				CLANG_ENABLE_MODULES = YES;
				CLANG_ENABLE_OBJC_ARC = YES;
				CLANG_WARN_BOOL_CONVERSION = YES;
				CLANG_WARN_CONSTANT_CONVERSION = YES;
				CLANG_WARN_DIRECT_OBJC_ISA_USAGE = YES_ERROR;
				CLANG_WARN_DOCUMENTATION_COMMENTS = YES;
				CLANG_WARN_EMPTY_BODY = YES;
				CLANG_WARN_ENUM_CONVERSION = YES;
				CLANG_WARN_INFINITE_RECURSION = YES;
				CLANG_WARN_INT_CONVERSION = YES;
				CLANG_WARN_OBJC_ROOT_CLASS = YES_ERROR;
				CLANG_WARN_SUSPICIOUS_MOVE = YES;
				CLANG_WARN_UNREACHABLE_CODE = YES;
				CLANG_WARN__DUPLICATE_METHOD_MATCH = YES;
				"CODE_SIGN_IDENTITY[sdk=iphoneos*]" = "iPhone Developer";
				COPY_PHASE_STRIP = NO;
				DEBUG_INFORMATION_FORMAT = "dwarf-with-dsym";
				ENABLE_NS_ASSERTIONS = NO;
				ENABLE_STRICT_OBJC_MSGSEND = YES;
				GCC_C_LANGUAGE_STANDARD = gnu99;
				GCC_NO_COMMON_BLOCKS = YES;
				GCC_WARN_64_TO_32_BIT_CONVERSION = YES;
				GCC_WARN_ABOUT_RETURN_TYPE = YES_ERROR;
				GCC_WARN_UNDECLARED_SELECTOR = YES;
				GCC_WARN_UNINITIALIZED_AUTOS = YES_AGGRESSIVE;
				GCC_WARN_UNUSED_FUNCTION = YES;
				GCC_WARN_UNUSED_VARIABLE = YES;
				IPHONEOS_DEPLOYMENT_TARGET = 10.2;
				MTL_ENABLE_DEBUG_INFO = NO;
				SDKROOT = iphoneos;
				SWIFT_OPTIMIZATION_LEVEL = "-Owholemodule";
				VALIDATE_PRODUCT = YES;
			};
			name = Release;
		};
		835901431EC298A2004DE701 /* Debug */ = {
			isa = XCBuildConfiguration;
			buildSettings = {
				ASSETCATALOG_COMPILER_APPICON_NAME = AppIcon;
				INFOPLIST_FILE = Quiz/Info.plist;
				IPHONEOS_DEPLOYMENT_TARGET = 9.3;
				LD_RUNPATH_SEARCH_PATHS = "$(inherited) @executable_path/Frameworks";
				PRODUCT_BUNDLE_IDENTIFIER = example.Quiz;
				PRODUCT_NAME = "$(TARGET_NAME)";
				SWIFT_VERSION = 3.0;
			};
			name = Debug;
		};
		835901441EC298A2004DE701 /* Release */ = {
			isa = XCBuildConfiguration;
			buildSettings = {
				ASSETCATALOG_COMPILER_APPICON_NAME = AppIcon;
				INFOPLIST_FILE = Quiz/Info.plist;
				IPHONEOS_DEPLOYMENT_TARGET = 9.3;
				LD_RUNPATH_SEARCH_PATHS = "$(inherited) @executable_path/Frameworks";
				PRODUCT_BUNDLE_IDENTIFIER = example.Quiz;
				PRODUCT_NAME = "$(TARGET_NAME)";
				SWIFT_VERSION = 3.0;
			};
			name = Release;
		};
		835901461EC298A2004DE701 /* Debug */ = {
			isa = XCBuildConfiguration;
			buildSettings = {
				ALWAYS_EMBED_SWIFT_STANDARD_LIBRARIES = YES;
				BUNDLE_LOADER = "$(TEST_HOST)";
				INFOPLIST_FILE = QuizTests/Info.plist;
				LD_RUNPATH_SEARCH_PATHS = "$(inherited) @executable_path/Frameworks @loader_path/Frameworks";
				PRODUCT_BUNDLE_IDENTIFIER = example.QuizTests;
				PRODUCT_NAME = "$(TARGET_NAME)";
				SWIFT_VERSION = 3.0;
				TEST_HOST = "$(BUILT_PRODUCTS_DIR)/Quiz.app/Quiz";
			};
			name = Debug;
		};
		835901471EC298A2004DE701 /* Release */ = {
			isa = XCBuildConfiguration;
			buildSettings = {
				ALWAYS_EMBED_SWIFT_STANDARD_LIBRARIES = YES;
				BUNDLE_LOADER = "$(TEST_HOST)";
				INFOPLIST_FILE = QuizTests/Info.plist;
				LD_RUNPATH_SEARCH_PATHS = "$(inherited) @executable_path/Frameworks @loader_path/Frameworks";
				PRODUCT_BUNDLE_IDENTIFIER = example.QuizTests;
				PRODUCT_NAME = "$(TARGET_NAME)";
				SWIFT_VERSION = 3.0;
				TEST_HOST = "$(BUILT_PRODUCTS_DIR)/Quiz.app/Quiz";
			};
			name = Release;
		};
		835901491EC298A2004DE701 /* Debug */ = {
			isa = XCBuildConfiguration;
			buildSettings = {
				ALWAYS_EMBED_SWIFT_STANDARD_LIBRARIES = YES;
				INFOPLIST_FILE = QuizUITests/Info.plist;
				LD_RUNPATH_SEARCH_PATHS = "$(inherited) @executable_path/Frameworks @loader_path/Frameworks";
				PRODUCT_BUNDLE_IDENTIFIER = example.QuizUITests;
				PRODUCT_NAME = "$(TARGET_NAME)";
				SWIFT_VERSION = 3.0;
				TEST_TARGET_NAME = Quiz;
			};
			name = Debug;
		};
		8359014A1EC298A2004DE701 /* Release */ = {
			isa = XCBuildConfiguration;
			buildSettings = {
				ALWAYS_EMBED_SWIFT_STANDARD_LIBRARIES = YES;
				INFOPLIST_FILE = QuizUITests/Info.plist;
				LD_RUNPATH_SEARCH_PATHS = "$(inherited) @executable_path/Frameworks @loader_path/Frameworks";
				PRODUCT_BUNDLE_IDENTIFIER = example.QuizUITests;
				PRODUCT_NAME = "$(TARGET_NAME)";
				SWIFT_VERSION = 3.0;
				TEST_TARGET_NAME = Quiz;
			};
			name = Release;
		};
/* End XCBuildConfiguration section */

/* Begin XCConfigurationList section */
		835901151EC298A1004DE701 /* Build configuration list for PBXProject "Quiz" */ = {
			isa = XCConfigurationList;
			buildConfigurations = (
				835901401EC298A2004DE701 /* Debug */,
				835901411EC298A2004DE701 /* Release */,
			);
			defaultConfigurationIsVisible = 0;
			defaultConfigurationName = Release;
		};
		835901421EC298A2004DE701 /* Build configuration list for PBXNativeTarget "Quiz" */ = {
			isa = XCConfigurationList;
			buildConfigurations = (
				835901431EC298A2004DE701 /* Debug */,
				835901441EC298A2004DE701 /* Release */,
			);
			defaultConfigurationIsVisible = 0;
			defaultConfigurationName = Release;
		};
		835901451EC298A2004DE701 /* Build configuration list for PBXNativeTarget "QuizTests" */ = {
			isa = XCConfigurationList;
			buildConfigurations = (
				835901461EC298A2004DE701 /* Debug */,
				835901471EC298A2004DE701 /* Release */,
			);
			defaultConfigurationIsVisible = 0;
			defaultConfigurationName = Release;
		};
		835901481EC298A2004DE701 /* Build configuration list for PBXNativeTarget "QuizUITests" */ = {
			isa = XCConfigurationList;
			buildConfigurations = (
				835901491EC298A2004DE701 /* Debug */,
				8359014A1EC298A2004DE701 /* Release */,
			);
			defaultConfigurationIsVisible = 0;
			defaultConfigurationName = Release;
		};
/* End XCConfigurationList section */
	};
	rootObject = 835901121EC298A1004DE701 /* Project object */;
}
